
Microsoft Visual Studio Solution File, Format Version 12.00
# Visual Studio 15
VisualStudioVersion = 15.0.28010.2041
MinimumVisualStudioVersion = 10.0.40219.1
Project("{FAE04EC0-301F-11D3-BF4B-00C04F79EFBC}") = "ThreadsAndContextSwitching", "ThreadsAndContextSwitching\ThreadsAndContextSwitching.csproj", "{AD6E9647-5BB7-48E8-AFB3-2212A0730A25}"
EndProject
Global
	GlobalSection(SolutionConfigurationPlatforms) = preSolution
		Debug|Any CPU = Debug|Any CPU
		Release|Any CPU = Release|Any CPU
	EndGlobalSection
	GlobalSection(ProjectConfigurationPlatforms) = postSolution
		{AD6E9647-5BB7-48E8-AFB3-2212A0730A25}.Debug|Any CPU.ActiveCfg = Debug|Any CPU
		{AD6E9647-5BB7-48E8-AFB3-2212A0730A25}.Debug|Any CPU.Build.0 = Debug|Any CPU
		{AD6E9647-5BB7-48E8-AFB3-2212A0730A25}.Release|Any CPU.ActiveCfg = Release|Any CPU
		{AD6E9647-5BB7-48E8-AFB3-2212A0730A25}.Release|Any CPU.Build.0 = Release|Any CPU
	EndGlobalSection
	GlobalSection(SolutionProperties) = preSolution
		HideSolutionNode = FALSE
	EndGlobalSection
	GlobalSection(ExtensibilityGlobals) = postSolution
		SolutionGuid = {8A0736E2-21FA-4E27-BD57-9E9B098E4592}
	EndGlobalSection
EndGlobal
