
Microsoft Visual Studio Solution File, Format Version 12.00
# Visual Studio 15
VisualStudioVersion = 15.0.28010.2041
MinimumVisualStudioVersion = 10.0.40219.1
Project("{FAE04EC0-301F-11D3-BF4B-00C04F79EFBC}") = "RegEx", "RegEx\RegEx.csproj", "{06ED8FDE-42F6-417C-A367-4C141CC05B41}"
EndProject
Global
	GlobalSection(SolutionConfigurationPlatforms) = preSolution
		Debug|Any CPU = Debug|Any CPU
		Release|Any CPU = Release|Any CPU
	EndGlobalSection
	GlobalSection(ProjectConfigurationPlatforms) = postSolution
		{06ED8FDE-42F6-417C-A367-4C141CC05B41}.Debug|Any CPU.ActiveCfg = Debug|Any CPU
		{06ED8FDE-42F6-417C-A367-4C141CC05B41}.Debug|Any CPU.Build.0 = Debug|Any CPU
		{06ED8FDE-42F6-417C-A367-4C141CC05B41}.Release|Any CPU.ActiveCfg = Release|Any CPU
		{06ED8FDE-42F6-417C-A367-4C141CC05B41}.Release|Any CPU.Build.0 = Release|Any CPU
	EndGlobalSection
	GlobalSection(SolutionProperties) = preSolution
		HideSolutionNode = FALSE
	EndGlobalSection
	GlobalSection(ExtensibilityGlobals) = postSolution
		SolutionGuid = {9DAD74BE-5165-43B8-8DE6-440957E7877F}
	EndGlobalSection
EndGlobal
